
Microsoft Visual Studio Solution File, Format Version 12.00
# Visual Studio Version 17
VisualStudioVersion = 17.5.33424.131
MinimumVisualStudioVersion = 10.0.40219.1
Project("{9A19103F-16F7-4668-BE54-9A1E7A4F7556}") = "SentimentAnalysisV2", "SentimentAnalysisV2.csproj", "{E8AEDDFF-1207-4CEA-9C38-ECE8429CAF16}"
EndProject
Project("{FAE04EC0-301F-11D3-BF4B-00C04F79EFBC}") = "SentimentAnalysisV2Tests", "Tests\SentimentAnalysisV2Tests.csproj", "{22415DA0-67BB-4F3B-BD54-A501DD556670}"
EndProject
Global
	GlobalSection(SolutionConfigurationPlatforms) = preSolution
		Debug|Any CPU = Debug|Any CPU
		Release|Any CPU = Release|Any CPU
	EndGlobalSection
	GlobalSection(ProjectConfigurationPlatforms) = postSolution
		{E8AEDDFF-1207-4CEA-9C38-ECE8429CAF16}.Debug|Any CPU.ActiveCfg = Debug|Any CPU
		{E8AEDDFF-1207-4CEA-9C38-ECE8429CAF16}.Debug|Any CPU.Build.0 = Debug|Any CPU
		{E8AEDDFF-1207-4CEA-9C38-ECE8429CAF16}.Release|Any CPU.ActiveCfg = Release|Any CPU
		{E8AEDDFF-1207-4CEA-9C38-ECE8429CAF16}.Release|Any CPU.Build.0 = Release|Any CPU
		{22415DA0-67BB-4F3B-BD54-A501DD556670}.Debug|Any CPU.ActiveCfg = Debug|Any CPU
		{22415DA0-67BB-4F3B-BD54-A501DD556670}.Debug|Any CPU.Build.0 = Debug|Any CPU
		{22415DA0-67BB-4F3B-BD54-A501DD556670}.Release|Any CPU.ActiveCfg = Release|Any CPU
		{22415DA0-67BB-4F3B-BD54-A501DD556670}.Release|Any CPU.Build.0 = Release|Any CPU
	EndGlobalSection
	GlobalSection(SolutionProperties) = preSolution
		HideSolutionNode = FALSE
	EndGlobalSection
	GlobalSection(ExtensibilityGlobals) = postSolution
		SolutionGuid = {211AF79A-CCB4-40A9-B6EF-40725049C20B}
	EndGlobalSection
EndGlobal
